{
  "name": "Tiga",
  "lockfileVersion": 2,
  "requires": true,
  "packages": {
    "": {
      "dependencies": {
        "@sentry/angular": "^6.13.2",
        "@sentry/tracing": "^6.13.2",
        "bootstrap": "^5.1.2"
      }
    },
    "node_modules/@angular/common": {
      "version": "12.2.7",
      "resolved": "https://registry.npmjs.org/@angular/common/-/common-12.2.7.tgz",
      "integrity": "sha512-Gug5a59c4NwfmSvO9Ya7DoYjl6ndK7nDuBoPSpp6IHTlNE8FY/BOd29qEp/lYJ4cAWxVk14+lonUPs6C+Szekw==",
      "peer": true,
      "dependencies": {
        "tslib": "^2.2.0"
      },
      "engines": {
        "node": "^12.14.1 || >=14.0.0"
      },
      "peerDependencies": {
        "@angular/core": "12.2.7",
        "rxjs": "^6.5.3 || ^7.0.0"
      }
    },
    "node_modules/@angular/core": {
      "version": "12.2.7",
      "resolved": "https://registry.npmjs.org/@angular/core/-/core-12.2.7.tgz",
      "integrity": "sha512-no4mQ4O1euNH6odho1H27dcUmYBaNuyYvpPvv0wbb1pMT3Mm2J/uueePx/fvwg3nQ+vnk/yL1VCCqR7Mt62nHA==",
      "peer": true,
      "dependencies": {
        "tslib": "^2.2.0"
      },
      "engines": {
        "node": "^12.14.1 || >=14.0.0"
      },
      "peerDependencies": {
        "rxjs": "^6.5.3 || ^7.0.0",
        "zone.js": "~0.11.4"
      }
    },
    "node_modules/@angular/platform-browser": {
      "version": "12.2.7",
      "resolved": "https://registry.npmjs.org/@angular/platform-browser/-/platform-browser-12.2.7.tgz",
      "integrity": "sha512-mCQ5KqskMb98DLowyKfixH+ZpTjs5WuIZw9BqPc2knOlUxmfTuDRf5xDQn9Nur2ASF1wfJpaOogW685nB3ojnQ==",
      "peer": true,
      "dependencies": {
        "tslib": "^2.2.0"
      },
      "engines": {
        "node": "^12.14.1 || >=14.0.0"
      },
      "peerDependencies": {
        "@angular/animations": "12.2.7",
        "@angular/common": "12.2.7",
        "@angular/core": "12.2.7"
      },
      "peerDependenciesMeta": {
        "@angular/animations": {
          "optional": true
        }
      }
    },
    "node_modules/@angular/router": {
      "version": "12.2.7",
      "resolved": "https://registry.npmjs.org/@angular/router/-/router-12.2.7.tgz",
      "integrity": "sha512-3RzeBXbV0B+sdSskRYV07KsCgcS8dMmce6oUQrDskEnAmakzFo+R6OVKBFhPtTrqUstHVUsXr2kcoaaPVLquYw==",
      "peer": true,
      "dependencies": {
        "tslib": "^2.2.0"
      },
      "engines": {
        "node": "^12.14.1 || >=14.0.0"
      },
      "peerDependencies": {
        "@angular/common": "12.2.7",
        "@angular/core": "12.2.7",
        "@angular/platform-browser": "12.2.7",
        "rxjs": "^6.5.3 || ^7.0.0"
      }
    },
    "node_modules/@popperjs/core": {
      "version": "2.10.2",
      "resolved": "https://registry.npmjs.org/@popperjs/core/-/core-2.10.2.tgz",
      "integrity": "sha512-IXf3XA7+XyN7CP9gGh/XB0UxVMlvARGEgGXLubFICsUMGz6Q+DU+i4gGlpOxTjKvXjkJDJC8YdqdKkDj9qZHEQ==",
      "peer": true,
      "funding": {
        "type": "opencollective",
        "url": "https://opencollective.com/popperjs"
      }
    },
    "node_modules/@sentry/angular": {
      "version": "6.13.2",
      "resolved": "https://registry.npmjs.org/@sentry/angular/-/angular-6.13.2.tgz",
      "integrity": "sha512-egWliCahBwHH4cFQvzz5ptt9V+oo5xWE3HdpbTTHlLhXXVqAHRuORNfVm8+PFQUDF7z3976fbYdY8LPneF08kg==",
      "dependencies": {
        "@sentry/browser": "6.13.2",
        "@sentry/types": "6.13.2",
        "@sentry/utils": "6.13.2",
        "rxjs": "^6.6.0",
        "tslib": "^1.9.3"
      },
      "engines": {
        "node": ">=6"
      },
      "peerDependencies": {
        "@angular/common": "10.x || 11.x || 12.x",
        "@angular/core": "10.x || 11.x || 12.x",
        "@angular/router": "10.x || 11.x || 12.x"
      }
    },
    "node_modules/@sentry/angular/node_modules/rxjs": {
      "version": "6.6.7",
      "resolved": "https://registry.npmjs.org/rxjs/-/rxjs-6.6.7.tgz",
      "integrity": "sha512-hTdwr+7yYNIT5n4AMYp85KA6yw2Va0FLa3Rguvbpa4W3I5xynaBZo41cM3XM+4Q6fRMj3sBYIR1VAmZMXYJvRQ==",
      "dependencies": {
        "tslib": "^1.9.0"
      },
      "engines": {
        "npm": ">=2.0.0"
      }
    },
    "node_modules/@sentry/angular/node_modules/tslib": {
      "version": "1.14.1",
      "resolved": "https://registry.npmjs.org/tslib/-/tslib-1.14.1.tgz",
      "integrity": "sha512-Xni35NKzjgMrwevysHTCArtLDpPvye8zV/0E4EyYn43P7/7qvQwPh9BGkHewbMulVntbigmcT7rdX3BNo9wRJg=="
    },
    "node_modules/@sentry/browser": {
      "version": "6.13.2",
      "resolved": "https://registry.npmjs.org/@sentry/browser/-/browser-6.13.2.tgz",
      "integrity": "sha512-bkFXK4vAp2UX/4rQY0pj2Iky55Gnwr79CtveoeeMshoLy5iDgZ8gvnLNAz7om4B9OQk1u7NzLEa4IXAmHTUyag==",
      "dependencies": {
        "@sentry/core": "6.13.2",
        "@sentry/types": "6.13.2",
        "@sentry/utils": "6.13.2",
        "tslib": "^1.9.3"
      },
      "engines": {
        "node": ">=6"
      }
    },
    "node_modules/@sentry/browser/node_modules/tslib": {
      "version": "1.14.1",
      "resolved": "https://registry.npmjs.org/tslib/-/tslib-1.14.1.tgz",
      "integrity": "sha512-Xni35NKzjgMrwevysHTCArtLDpPvye8zV/0E4EyYn43P7/7qvQwPh9BGkHewbMulVntbigmcT7rdX3BNo9wRJg=="
    },
    "node_modules/@sentry/core": {
      "version": "6.13.2",
      "resolved": "https://registry.npmjs.org/@sentry/core/-/core-6.13.2.tgz",
      "integrity": "sha512-snXNNFLwlS7yYxKTX4DBXebvJK+6ikBWN6noQ1CHowvM3ReFBlrdrs0Z0SsSFEzXm2S4q7f6HHbm66GSQZ/8FQ==",
      "dependencies": {
        "@sentry/hub": "6.13.2",
        "@sentry/minimal": "6.13.2",
        "@sentry/types": "6.13.2",
        "@sentry/utils": "6.13.2",
        "tslib": "^1.9.3"
      },
      "engines": {
        "node": ">=6"
      }
    },
    "node_modules/@sentry/core/node_modules/tslib": {
      "version": "1.14.1",
      "resolved": "https://registry.npmjs.org/tslib/-/tslib-1.14.1.tgz",
      "integrity": "sha512-Xni35NKzjgMrwevysHTCArtLDpPvye8zV/0E4EyYn43P7/7qvQwPh9BGkHewbMulVntbigmcT7rdX3BNo9wRJg=="
    },
    "node_modules/@sentry/hub": {
      "version": "6.13.2",
      "resolved": "https://registry.npmjs.org/@sentry/hub/-/hub-6.13.2.tgz",
      "integrity": "sha512-sppSuJdNMiMC/vFm/dQowCBh11uTrmvks00fc190YWgxHshodJwXMdpc+pN61VSOmy2QA4MbQ5aMAgHzPzel3A==",
      "dependencies": {
        "@sentry/types": "6.13.2",
        "@sentry/utils": "6.13.2",
        "tslib": "^1.9.3"
      },
      "engines": {
        "node": ">=6"
      }
    },
    "node_modules/@sentry/hub/node_modules/tslib": {
      "version": "1.14.1",
      "resolved": "https://registry.npmjs.org/tslib/-/tslib-1.14.1.tgz",
      "integrity": "sha512-Xni35NKzjgMrwevysHTCArtLDpPvye8zV/0E4EyYn43P7/7qvQwPh9BGkHewbMulVntbigmcT7rdX3BNo9wRJg=="
    },
    "node_modules/@sentry/minimal": {
      "version": "6.13.2",
      "resolved": "https://registry.npmjs.org/@sentry/minimal/-/minimal-6.13.2.tgz",
      "integrity": "sha512-6iJfEvHzzpGBHDfLxSHcGObh73XU1OSQKWjuhDOe7UQDyI4BQmTfcXAC+Fr8sm8C/tIsmpVi/XJhs8cubFdSMw==",
      "dependencies": {
        "@sentry/hub": "6.13.2",
        "@sentry/types": "6.13.2",
        "tslib": "^1.9.3"
      },
      "engines": {
        "node": ">=6"
      }
    },
    "node_modules/@sentry/minimal/node_modules/tslib": {
      "version": "1.14.1",
      "resolved": "https://registry.npmjs.org/tslib/-/tslib-1.14.1.tgz",
      "integrity": "sha512-Xni35NKzjgMrwevysHTCArtLDpPvye8zV/0E4EyYn43P7/7qvQwPh9BGkHewbMulVntbigmcT7rdX3BNo9wRJg=="
    },
    "node_modules/@sentry/tracing": {
      "version": "6.13.2",
      "resolved": "https://registry.npmjs.org/@sentry/tracing/-/tracing-6.13.2.tgz",
      "integrity": "sha512-bHJz+C/nd6biWTNcYAu91JeRilsvVgaye4POkdzWSmD0XoLWHVMrpCQobGpXe7onkp2noU3YQjhqgtBqPHtnpw==",
      "dependencies": {
        "@sentry/hub": "6.13.2",
        "@sentry/minimal": "6.13.2",
        "@sentry/types": "6.13.2",
        "@sentry/utils": "6.13.2",
        "tslib": "^1.9.3"
      },
      "engines": {
        "node": ">=6"
      }
    },
    "node_modules/@sentry/tracing/node_modules/tslib": {
      "version": "1.14.1",
      "resolved": "https://registry.npmjs.org/tslib/-/tslib-1.14.1.tgz",
      "integrity": "sha512-Xni35NKzjgMrwevysHTCArtLDpPvye8zV/0E4EyYn43P7/7qvQwPh9BGkHewbMulVntbigmcT7rdX3BNo9wRJg=="
    },
    "node_modules/@sentry/types": {
      "version": "6.13.2",
      "resolved": "https://registry.npmjs.org/@sentry/types/-/types-6.13.2.tgz",
      "integrity": "sha512-6WjGj/VjjN8LZDtqJH5ikeB1o39rO1gYS6anBxiS3d0sXNBb3Ux0pNNDFoBxQpOhmdDHXYS57MEptX9EV82gmg==",
      "engines": {
        "node": ">=6"
      }
    },
    "node_modules/@sentry/utils": {
      "version": "6.13.2",
      "resolved": "https://registry.npmjs.org/@sentry/utils/-/utils-6.13.2.tgz",
      "integrity": "sha512-foF4PbxqPMWNbuqdXkdoOmKm3quu3PP7Q7j/0pXkri4DtCuvF/lKY92mbY0V9rHS/phCoj+3/Se5JvM2ymh2/w==",
      "dependencies": {
        "@sentry/types": "6.13.2",
        "tslib": "^1.9.3"
      },
      "engines": {
        "node": ">=6"
      }
    },
    "node_modules/@sentry/utils/node_modules/tslib": {
      "version": "1.14.1",
      "resolved": "https://registry.npmjs.org/tslib/-/tslib-1.14.1.tgz",
      "integrity": "sha512-Xni35NKzjgMrwevysHTCArtLDpPvye8zV/0E4EyYn43P7/7qvQwPh9BGkHewbMulVntbigmcT7rdX3BNo9wRJg=="
    },
    "node_modules/bootstrap": {
      "version": "5.1.2",
      "resolved": "https://registry.npmjs.org/bootstrap/-/bootstrap-5.1.2.tgz",
      "integrity": "sha512-me838a7TSEkldKyplkx21dqFm16+9NbH/rCj3Myo+h2cByyjckqV4m0OnS8QBsSDEoBv8R2jHqfulGQXpvM8Bw==",
      "funding": {
        "type": "opencollective",
        "url": "https://opencollective.com/bootstrap"
      },
      "peerDependencies": {
        "@popperjs/core": "^2.10.2"
      }
    },
    "node_modules/rxjs": {
      "version": "7.3.0",
      "resolved": "https://registry.npmjs.org/rxjs/-/rxjs-7.3.0.tgz",
      "integrity": "sha512-p2yuGIg9S1epc3vrjKf6iVb3RCaAYjYskkO+jHIaV0IjOPlJop4UnodOoFb2xeNwlguqLYvGw1b1McillYb5Gw==",
      "peer": true,
      "dependencies": {
        "tslib": "~2.1.0"
      }
    },
    "node_modules/rxjs/node_modules/tslib": {
      "version": "2.1.0",
      "resolved": "https://registry.npmjs.org/tslib/-/tslib-2.1.0.tgz",
      "integrity": "sha512-hcVC3wYEziELGGmEEXue7D75zbwIIVUMWAVbHItGPx0ziyXxrOMQx4rQEVEV45Ut/1IotuEvwqPopzIOkDMf0A==",
      "peer": true
    },
    "node_modules/tslib": {
      "version": "2.3.1",
      "resolved": "https://registry.npmjs.org/tslib/-/tslib-2.3.1.tgz",
      "integrity": "sha512-77EbyPPpMz+FRFRuAFlWMtmgUWGe9UOG2Z25NqCwiIjRhOf5iKGuzSe5P2w1laq+FkRy4p+PCuVkJSGkzTEKVw==",
      "peer": true
    },
    "node_modules/zone.js": {
      "version": "0.11.4",
      "resolved": "https://registry.npmjs.org/zone.js/-/zone.js-0.11.4.tgz",
      "integrity": "sha512-DDh2Ab+A/B+9mJyajPjHFPWfYU1H+pdun4wnnk0OcQTNjem1XQSZ2CDW+rfZEUDjv5M19SBqAkjZi0x5wuB5Qw==",
      "peer": true,
      "dependencies": {
        "tslib": "^2.0.0"
      }
    }
  },
  "dependencies": {
    "@angular/common": {
      "version": "12.2.7",
      "resolved": "https://registry.npmjs.org/@angular/common/-/common-12.2.7.tgz",
      "integrity": "sha512-Gug5a59c4NwfmSvO9Ya7DoYjl6ndK7nDuBoPSpp6IHTlNE8FY/BOd29qEp/lYJ4cAWxVk14+lonUPs6C+Szekw==",
      "peer": true,
      "requires": {
        "tslib": "^2.2.0"
      }
    },
    "@angular/core": {
      "version": "12.2.7",
      "resolved": "https://registry.npmjs.org/@angular/core/-/core-12.2.7.tgz",
      "integrity": "sha512-no4mQ4O1euNH6odho1H27dcUmYBaNuyYvpPvv0wbb1pMT3Mm2J/uueePx/fvwg3nQ+vnk/yL1VCCqR7Mt62nHA==",
      "peer": true,
      "requires": {
        "tslib": "^2.2.0"
      }
    },
    "@angular/platform-browser": {
      "version": "12.2.7",
      "resolved": "https://registry.npmjs.org/@angular/platform-browser/-/platform-browser-12.2.7.tgz",
      "integrity": "sha512-mCQ5KqskMb98DLowyKfixH+ZpTjs5WuIZw9BqPc2knOlUxmfTuDRf5xDQn9Nur2ASF1wfJpaOogW685nB3ojnQ==",
      "peer": true,
      "requires": {
        "tslib": "^2.2.0"
      }
    },
    "@angular/router": {
      "version": "12.2.7",
      "resolved": "https://registry.npmjs.org/@angular/router/-/router-12.2.7.tgz",
      "integrity": "sha512-3RzeBXbV0B+sdSskRYV07KsCgcS8dMmce6oUQrDskEnAmakzFo+R6OVKBFhPtTrqUstHVUsXr2kcoaaPVLquYw==",
      "peer": true,
      "requires": {
        "tslib": "^2.2.0"
      }
    },
    "@popperjs/core": {
      "version": "2.10.2",
      "resolved": "https://registry.npmjs.org/@popperjs/core/-/core-2.10.2.tgz",
      "integrity": "sha512-IXf3XA7+XyN7CP9gGh/XB0UxVMlvARGEgGXLubFICsUMGz6Q+DU+i4gGlpOxTjKvXjkJDJC8YdqdKkDj9qZHEQ==",
      "peer": true
    },
    "@sentry/angular": {
      "version": "6.13.2",
      "resolved": "https://registry.npmjs.org/@sentry/angular/-/angular-6.13.2.tgz",
      "integrity": "sha512-egWliCahBwHH4cFQvzz5ptt9V+oo5xWE3HdpbTTHlLhXXVqAHRuORNfVm8+PFQUDF7z3976fbYdY8LPneF08kg==",
      "requires": {
        "@sentry/browser": "6.13.2",
        "@sentry/types": "6.13.2",
        "@sentry/utils": "6.13.2",
        "rxjs": "^6.6.0",
        "tslib": "^1.9.3"
      },
      "dependencies": {
        "rxjs": {
          "version": "6.6.7",
          "resolved": "https://registry.npmjs.org/rxjs/-/rxjs-6.6.7.tgz",
          "integrity": "sha512-hTdwr+7yYNIT5n4AMYp85KA6yw2Va0FLa3Rguvbpa4W3I5xynaBZo41cM3XM+4Q6fRMj3sBYIR1VAmZMXYJvRQ==",
          "requires": {
            "tslib": "^1.9.0"
          }
        },
        "tslib": {
          "version": "1.14.1",
          "resolved": "https://registry.npmjs.org/tslib/-/tslib-1.14.1.tgz",
          "integrity": "sha512-Xni35NKzjgMrwevysHTCArtLDpPvye8zV/0E4EyYn43P7/7qvQwPh9BGkHewbMulVntbigmcT7rdX3BNo9wRJg=="
        }
      }
    },
    "@sentry/browser": {
      "version": "6.13.2",
      "resolved": "https://registry.npmjs.org/@sentry/browser/-/browser-6.13.2.tgz",
      "integrity": "sha512-bkFXK4vAp2UX/4rQY0pj2Iky55Gnwr79CtveoeeMshoLy5iDgZ8gvnLNAz7om4B9OQk1u7NzLEa4IXAmHTUyag==",
      "requires": {
        "@sentry/core": "6.13.2",
        "@sentry/types": "6.13.2",
        "@sentry/utils": "6.13.2",
        "tslib": "^1.9.3"
      },
      "dependencies": {
        "tslib": {
          "version": "1.14.1",
          "resolved": "https://registry.npmjs.org/tslib/-/tslib-1.14.1.tgz",
          "integrity": "sha512-Xni35NKzjgMrwevysHTCArtLDpPvye8zV/0E4EyYn43P7/7qvQwPh9BGkHewbMulVntbigmcT7rdX3BNo9wRJg=="
        }
      }
    },
    "@sentry/core": {
      "version": "6.13.2",
      "resolved": "https://registry.npmjs.org/@sentry/core/-/core-6.13.2.tgz",
      "integrity": "sha512-snXNNFLwlS7yYxKTX4DBXebvJK+6ikBWN6noQ1CHowvM3ReFBlrdrs0Z0SsSFEzXm2S4q7f6HHbm66GSQZ/8FQ==",
      "requires": {
        "@sentry/hub": "6.13.2",
        "@sentry/minimal": "6.13.2",
        "@sentry/types": "6.13.2",
        "@sentry/utils": "6.13.2",
        "tslib": "^1.9.3"
      },
      "dependencies": {
        "tslib": {
          "version": "1.14.1",
          "resolved": "https://registry.npmjs.org/tslib/-/tslib-1.14.1.tgz",
          "integrity": "sha512-Xni35NKzjgMrwevysHTCArtLDpPvye8zV/0E4EyYn43P7/7qvQwPh9BGkHewbMulVntbigmcT7rdX3BNo9wRJg=="
        }
      }
    },
    "@sentry/hub": {
      "version": "6.13.2",
      "resolved": "https://registry.npmjs.org/@sentry/hub/-/hub-6.13.2.tgz",
      "integrity": "sha512-sppSuJdNMiMC/vFm/dQowCBh11uTrmvks00fc190YWgxHshodJwXMdpc+pN61VSOmy2QA4MbQ5aMAgHzPzel3A==",
      "requires": {
        "@sentry/types": "6.13.2",
        "@sentry/utils": "6.13.2",
        "tslib": "^1.9.3"
      },
      "dependencies": {
        "tslib": {
          "version": "1.14.1",
          "resolved": "https://registry.npmjs.org/tslib/-/tslib-1.14.1.tgz",
          "integrity": "sha512-Xni35NKzjgMrwevysHTCArtLDpPvye8zV/0E4EyYn43P7/7qvQwPh9BGkHewbMulVntbigmcT7rdX3BNo9wRJg=="
        }
      }
    },
    "@sentry/minimal": {
      "version": "6.13.2",
      "resolved": "https://registry.npmjs.org/@sentry/minimal/-/minimal-6.13.2.tgz",
      "integrity": "sha512-6iJfEvHzzpGBHDfLxSHcGObh73XU1OSQKWjuhDOe7UQDyI4BQmTfcXAC+Fr8sm8C/tIsmpVi/XJhs8cubFdSMw==",
      "requires": {
        "@sentry/hub": "6.13.2",
        "@sentry/types": "6.13.2",
        "tslib": "^1.9.3"
      },
      "dependencies": {
        "tslib": {
          "version": "1.14.1",
          "resolved": "https://registry.npmjs.org/tslib/-/tslib-1.14.1.tgz",
          "integrity": "sha512-Xni35NKzjgMrwevysHTCArtLDpPvye8zV/0E4EyYn43P7/7qvQwPh9BGkHewbMulVntbigmcT7rdX3BNo9wRJg=="
        }
      }
    },
    "@sentry/tracing": {
      "version": "6.13.2",
      "resolved": "https://registry.npmjs.org/@sentry/tracing/-/tracing-6.13.2.tgz",
      "integrity": "sha512-bHJz+C/nd6biWTNcYAu91JeRilsvVgaye4POkdzWSmD0XoLWHVMrpCQobGpXe7onkp2noU3YQjhqgtBqPHtnpw==",
      "requires": {
        "@sentry/hub": "6.13.2",
        "@sentry/minimal": "6.13.2",
        "@sentry/types": "6.13.2",
        "@sentry/utils": "6.13.2",
        "tslib": "^1.9.3"
      },
      "dependencies": {
        "tslib": {
          "version": "1.14.1",
          "resolved": "https://registry.npmjs.org/tslib/-/tslib-1.14.1.tgz",
          "integrity": "sha512-Xni35NKzjgMrwevysHTCArtLDpPvye8zV/0E4EyYn43P7/7qvQwPh9BGkHewbMulVntbigmcT7rdX3BNo9wRJg=="
        }
      }
    },
    "@sentry/types": {
      "version": "6.13.2",
      "resolved": "https://registry.npmjs.org/@sentry/types/-/types-6.13.2.tgz",
      "integrity": "sha512-6WjGj/VjjN8LZDtqJH5ikeB1o39rO1gYS6anBxiS3d0sXNBb3Ux0pNNDFoBxQpOhmdDHXYS57MEptX9EV82gmg=="
    },
    "@sentry/utils": {
      "version": "6.13.2",
      "resolved": "https://registry.npmjs.org/@sentry/utils/-/utils-6.13.2.tgz",
      "integrity": "sha512-foF4PbxqPMWNbuqdXkdoOmKm3quu3PP7Q7j/0pXkri4DtCuvF/lKY92mbY0V9rHS/phCoj+3/Se5JvM2ymh2/w==",
      "requires": {
        "@sentry/types": "6.13.2",
        "tslib": "^1.9.3"
      },
      "dependencies": {
        "tslib": {
          "version": "1.14.1",
          "resolved": "https://registry.npmjs.org/tslib/-/tslib-1.14.1.tgz",
          "integrity": "sha512-Xni35NKzjgMrwevysHTCArtLDpPvye8zV/0E4EyYn43P7/7qvQwPh9BGkHewbMulVntbigmcT7rdX3BNo9wRJg=="
        }
      }
    },
    "bootstrap": {
      "version": "5.1.2",
      "resolved": "https://registry.npmjs.org/bootstrap/-/bootstrap-5.1.2.tgz",
      "integrity": "sha512-me838a7TSEkldKyplkx21dqFm16+9NbH/rCj3Myo+h2cByyjckqV4m0OnS8QBsSDEoBv8R2jHqfulGQXpvM8Bw==",
      "requires": {}
    },
    "rxjs": {
      "version": "7.3.0",
      "resolved": "https://registry.npmjs.org/rxjs/-/rxjs-7.3.0.tgz",
      "integrity": "sha512-p2yuGIg9S1epc3vrjKf6iVb3RCaAYjYskkO+jHIaV0IjOPlJop4UnodOoFb2xeNwlguqLYvGw1b1McillYb5Gw==",
      "peer": true,
      "requires": {
        "tslib": "~2.1.0"
      },
      "dependencies": {
        "tslib": {
          "version": "2.1.0",
          "resolved": "https://registry.npmjs.org/tslib/-/tslib-2.1.0.tgz",
          "integrity": "sha512-hcVC3wYEziELGGmEEXue7D75zbwIIVUMWAVbHItGPx0ziyXxrOMQx4rQEVEV45Ut/1IotuEvwqPopzIOkDMf0A==",
          "peer": true
        }
      }
    },
    "tslib": {
      "version": "2.3.1",
      "resolved": "https://registry.npmjs.org/tslib/-/tslib-2.3.1.tgz",
      "integrity": "sha512-77EbyPPpMz+FRFRuAFlWMtmgUWGe9UOG2Z25NqCwiIjRhOf5iKGuzSe5P2w1laq+FkRy4p+PCuVkJSGkzTEKVw==",
      "peer": true
    },
    "zone.js": {
      "version": "0.11.4",
      "resolved": "https://registry.npmjs.org/zone.js/-/zone.js-0.11.4.tgz",
      "integrity": "sha512-DDh2Ab+A/B+9mJyajPjHFPWfYU1H+pdun4wnnk0OcQTNjem1XQSZ2CDW+rfZEUDjv5M19SBqAkjZi0x5wuB5Qw==",
      "peer": true,
      "requires": {
        "tslib": "^2.0.0"
      }
    }
  }
}
