{
  "requires": true,
  "lockfileVersion": 1,
  "dependencies": {
    "@sentry/angular": {
      "version": "6.13.3",
      "resolved": "https://registry.npmjs.org/@sentry/angular/-/angular-6.13.3.tgz",
      "integrity": "sha512-P2XynwPpN16HqHGiZpwqJwFp6TwXwpAKQmzGtNg/gHuAwG5+X9n6GxOJoxxbPx6SkDchzZOb/6VQt8zaTA6LMg==",
      "requires": {
        "@sentry/browser": "6.13.3",
        "@sentry/types": "6.13.3",
        "@sentry/utils": "6.13.3",
        "rxjs": "^6.6.0",
        "tslib": "^1.9.3"
      },
      "dependencies": {
        "rxjs": {
          "version": "6.6.7",
          "resolved": "https://registry.npmjs.org/rxjs/-/rxjs-6.6.7.tgz",
          "integrity": "sha512-hTdwr+7yYNIT5n4AMYp85KA6yw2Va0FLa3Rguvbpa4W3I5xynaBZo41cM3XM+4Q6fRMj3sBYIR1VAmZMXYJvRQ==",
          "requires": {
            "tslib": "^1.9.0"
          }
        },
        "tslib": {
          "version": "1.14.1",
          "resolved": "https://registry.npmjs.org/tslib/-/tslib-1.14.1.tgz",
          "integrity": "sha512-Xni35NKzjgMrwevysHTCArtLDpPvye8zV/0E4EyYn43P7/7qvQwPh9BGkHewbMulVntbigmcT7rdX3BNo9wRJg=="
        }
      }
    },
    "@sentry/browser": {
      "version": "6.13.3",
      "resolved": "https://registry.npmjs.org/@sentry/browser/-/browser-6.13.3.tgz",
      "integrity": "sha512-jwlpsk2/u1cofvfYsjmqcnx50JJtf/T6HTgdW+ih8+rqWC5ABEZf4IiB/H+KAyjJ3wVzCOugMq5irL83XDCfqQ==",
      "requires": {
        "@sentry/core": "6.13.3",
        "@sentry/types": "6.13.3",
        "@sentry/utils": "6.13.3",
        "tslib": "^1.9.3"
      },
      "dependencies": {
        "tslib": {
          "version": "1.14.1",
          "resolved": "https://registry.npmjs.org/tslib/-/tslib-1.14.1.tgz",
          "integrity": "sha512-Xni35NKzjgMrwevysHTCArtLDpPvye8zV/0E4EyYn43P7/7qvQwPh9BGkHewbMulVntbigmcT7rdX3BNo9wRJg=="
        }
      }
    },
    "@sentry/core": {
      "version": "6.13.3",
      "resolved": "https://registry.npmjs.org/@sentry/core/-/core-6.13.3.tgz",
      "integrity": "sha512-obm3SjgCk8A7nB37b2AU1eq1q7gMoJRrGMv9VRIyfcG0Wlz/5lJ9O3ohUk+YZaaVfZMxXn6hFtsBiOWmlv7IIA==",
      "requires": {
        "@sentry/hub": "6.13.3",
        "@sentry/minimal": "6.13.3",
        "@sentry/types": "6.13.3",
        "@sentry/utils": "6.13.3",
        "tslib": "^1.9.3"
      },
      "dependencies": {
        "tslib": {
          "version": "1.14.1",
          "resolved": "https://registry.npmjs.org/tslib/-/tslib-1.14.1.tgz",
          "integrity": "sha512-Xni35NKzjgMrwevysHTCArtLDpPvye8zV/0E4EyYn43P7/7qvQwPh9BGkHewbMulVntbigmcT7rdX3BNo9wRJg=="
        }
      }
    },
    "@sentry/hub": {
      "version": "6.13.3",
      "resolved": "https://registry.npmjs.org/@sentry/hub/-/hub-6.13.3.tgz",
      "integrity": "sha512-eYppBVqvhs5cvm33snW2sxfcw6G20/74RbBn+E4WDo15hozis89kU7ZCJDOPkXuag3v1h9igns/kM6PNBb41dw==",
      "requires": {
        "@sentry/types": "6.13.3",
        "@sentry/utils": "6.13.3",
        "tslib": "^1.9.3"
      },
      "dependencies": {
        "tslib": {
          "version": "1.14.1",
          "resolved": "https://registry.npmjs.org/tslib/-/tslib-1.14.1.tgz",
          "integrity": "sha512-Xni35NKzjgMrwevysHTCArtLDpPvye8zV/0E4EyYn43P7/7qvQwPh9BGkHewbMulVntbigmcT7rdX3BNo9wRJg=="
        }
      }
    },
    "@sentry/minimal": {
      "version": "6.13.3",
      "resolved": "https://registry.npmjs.org/@sentry/minimal/-/minimal-6.13.3.tgz",
      "integrity": "sha512-63MlYYRni3fs5Bh8XBAfVZ+ctDdWg0fapSTP1ydIC37fKvbE+5zhyUqwrEKBIiclEApg1VKX7bkKxVdu/vsFdw==",
      "requires": {
        "@sentry/hub": "6.13.3",
        "@sentry/types": "6.13.3",
        "tslib": "^1.9.3"
      },
      "dependencies": {
        "tslib": {
          "version": "1.14.1",
          "resolved": "https://registry.npmjs.org/tslib/-/tslib-1.14.1.tgz",
          "integrity": "sha512-Xni35NKzjgMrwevysHTCArtLDpPvye8zV/0E4EyYn43P7/7qvQwPh9BGkHewbMulVntbigmcT7rdX3BNo9wRJg=="
        }
      }
    },
    "@sentry/tracing": {
      "version": "6.13.3",
      "resolved": "https://registry.npmjs.org/@sentry/tracing/-/tracing-6.13.3.tgz",
      "integrity": "sha512-yyOFIhqlprPM0g4f35Icear3eZk2mwyYcGEzljJfY2iU6pJwj1lzia5PfSwiCW7jFGMmlBJNhOAIpfhlliZi8Q==",
      "requires": {
        "@sentry/hub": "6.13.3",
        "@sentry/minimal": "6.13.3",
        "@sentry/types": "6.13.3",
        "@sentry/utils": "6.13.3",
        "tslib": "^1.9.3"
      },
      "dependencies": {
        "tslib": {
          "version": "1.14.1",
          "resolved": "https://registry.npmjs.org/tslib/-/tslib-1.14.1.tgz",
          "integrity": "sha512-Xni35NKzjgMrwevysHTCArtLDpPvye8zV/0E4EyYn43P7/7qvQwPh9BGkHewbMulVntbigmcT7rdX3BNo9wRJg=="
        }
      }
    },
    "@sentry/types": {
      "version": "6.13.3",
      "resolved": "https://registry.npmjs.org/@sentry/types/-/types-6.13.3.tgz",
      "integrity": "sha512-Vrz5CdhaTRSvCQjSyIFIaV9PodjAVFkzJkTRxyY7P77RcegMsRSsG1yzlvCtA99zG9+e6MfoJOgbOCwuZids5A=="
    },
    "@sentry/utils": {
      "version": "6.13.3",
      "resolved": "https://registry.npmjs.org/@sentry/utils/-/utils-6.13.3.tgz",
      "integrity": "sha512-zYFuFH3MaYtBZTeJ4Yajg7pDf0pM3MWs3+9k5my9Fd+eqNcl7dYQYJbT9gyC0HXK1QI4CAMNNlHNl4YXhF91ag==",
      "requires": {
        "@sentry/types": "6.13.3",
        "tslib": "^1.9.3"
      },
      "dependencies": {
        "tslib": {
          "version": "1.14.1",
          "resolved": "https://registry.npmjs.org/tslib/-/tslib-1.14.1.tgz",
          "integrity": "sha512-Xni35NKzjgMrwevysHTCArtLDpPvye8zV/0E4EyYn43P7/7qvQwPh9BGkHewbMulVntbigmcT7rdX3BNo9wRJg=="
        }
      }
    },
    "bootstrap": {
      "version": "5.1.2",
      "resolved": "https://registry.npmjs.org/bootstrap/-/bootstrap-5.1.2.tgz",
      "integrity": "sha512-me838a7TSEkldKyplkx21dqFm16+9NbH/rCj3Myo+h2cByyjckqV4m0OnS8QBsSDEoBv8R2jHqfulGQXpvM8Bw=="
    }
  }
}
