
Microsoft Visual Studio Solution File, Format Version 12.00
# Visual Studio Version 16
VisualStudioVersion = 16.0.31624.102
MinimumVisualStudioVersion = 10.0.40219.1
Project("{9A19103F-16F7-4668-BE54-9A1E7A4F7556}") = "Tiga", "Tiga.csproj", "{7C1AE1A6-C039-490E-B97E-E27E8656AE01}"
EndProject
Global
	GlobalSection(SolutionConfigurationPlatforms) = preSolution
		Debug|Any CPU = Debug|Any CPU
		Release|Any CPU = Release|Any CPU
	EndGlobalSection
	GlobalSection(ProjectConfigurationPlatforms) = postSolution
		{7C1AE1A6-C039-490E-B97E-E27E8656AE01}.Debug|Any CPU.ActiveCfg = Debug|Any CPU
		{7C1AE1A6-C039-490E-B97E-E27E8656AE01}.Debug|Any CPU.Build.0 = Debug|Any CPU
		{7C1AE1A6-C039-490E-B97E-E27E8656AE01}.Release|Any CPU.ActiveCfg = Release|Any CPU
		{7C1AE1A6-C039-490E-B97E-E27E8656AE01}.Release|Any CPU.Build.0 = Release|Any CPU
	EndGlobalSection
	GlobalSection(SolutionProperties) = preSolution
		HideSolutionNode = FALSE
	EndGlobalSection
	GlobalSection(ExtensibilityGlobals) = postSolution
		SolutionGuid = {67F8DB0B-344A-4ED9-AA02-C82BAB8B687F}
	EndGlobalSection
EndGlobal
